// !$*UTF8*$!
{
	archiveVersion = 1;
	classes = {
	};
	objectVersion = 46;
	objects = {

/* Begin PBXBuildFile section */
		2C05A19C06CAA52B00D84F6F /* GetMetadataForFile.m in Sources */ = {isa = PBXBuildFile; fileRef = 2C05A19B06CAA52B00D84F6F /* GetMetadataForFile.m */; };
		8D576312048677EA00EA77CD /* main.c in Sources */ = {isa = PBXBuildFile; fileRef = 08FB77B6FE84183AC02AAC07 /* main.c */; settings = {ATTRIBUTES = (); }; };
		8D576314048677EA00EA77CD /* CoreFoundation.framework in Frameworks */ = {isa = PBXBuildFile; fileRef = 0AA1909FFE8422F4C02AAC07 /* CoreFoundation.framework */; };
		8D5B49A804867FD3000E48DA /* InfoPlist.strings in Resources */ = {isa = PBXBuildFile; fileRef = 8D5B49A704867FD3000E48DA /* InfoPlist.strings */; };
		B6248FE413CC273000D9EADC /* ioapi.c in Sources */ = {isa = PBXBuildFile; fileRef = B6248FDB13CC273000D9EADC /* ioapi.c */; };
		B6248FE513CC273000D9EADC /* ioapi.h in Headers */ = {isa = PBXBuildFile; fileRef = B6248FDC13CC273000D9EADC /* ioapi.h */; };
		B6248FE813CC273000D9EADC /* unzip.c in Sources */ = {isa = PBXBuildFile; fileRef = B6248FDF13CC273000D9EADC /* unzip.c */; };
		B6248FE913CC273000D9EADC /* unzip.h in Headers */ = {isa = PBXBuildFile; fileRef = B6248FE013CC273000D9EADC /* unzip.h */; };
		B624901313CC283400D9EADC /* GNJUnZip.h in Headers */ = {isa = PBXBuildFile; fileRef = B624901113CC283400D9EADC /* GNJUnZip.h */; };
		B624901413CC283400D9EADC /* GNJUnZip.m in Sources */ = {isa = PBXBuildFile; fileRef = B624901213CC283400D9EADC /* GNJUnZip.m */; };
		B624906613CC2D5700D9EADC /* Cocoa.framework in Frameworks */ = {isa = PBXBuildFile; fileRef = B624906513CC2D5700D9EADC /* Cocoa.framework */; };
		B624906A13CC2D6600D9EADC /* libz.dylib in Frameworks */ = {isa = PBXBuildFile; fileRef = B624906913CC2D6600D9EADC /* libz.dylib */; };
		C86B05270671AA6E00DD9006 /* CoreServices.framework in Frameworks */ = {isa = PBXBuildFile; fileRef = C86B05260671AA6E00DD9006 /* CoreServices.framework */; };
/* End PBXBuildFile section */

/* Begin PBXFileReference section */
		089C167EFE841241C02AAC07 /* English */ = {isa = PBXFileReference; fileEncoding = 10; lastKnownFileType = text.plist.strings; name = English; path = English.lproj/InfoPlist.strings; sourceTree = "<group>"; };
		08FB77B6FE84183AC02AAC07 /* main.c */ = {isa = PBXFileReference; fileEncoding = 4; lastKnownFileType = sourcecode.c.c; path = main.c; sourceTree = "<group>"; };
		0AA1909FFE8422F4C02AAC07 /* CoreFoundation.framework */ = {isa = PBXFileReference; lastKnownFileType = wrapper.framework; name = CoreFoundation.framework; path = /System/Library/Frameworks/CoreFoundation.framework; sourceTree = "<absolute>"; };
		2C05A19B06CAA52B00D84F6F /* GetMetadataForFile.m */ = {isa = PBXFileReference; fileEncoding = 4; lastKnownFileType = sourcecode.c.objc; path = GetMetadataForFile.m; sourceTree = "<group>"; };
		8D576316048677EA00EA77CD /* EPUBImporter.mdimporter */ = {isa = PBXFileReference; explicitFileType = wrapper.cfbundle; includeInIndex = 0; path = EPUBImporter.mdimporter; sourceTree = BUILT_PRODUCTS_DIR; };
		8D576317048677EA00EA77CD /* Info.plist */ = {isa = PBXFileReference; fileEncoding = 4; lastKnownFileType = text.plist; path = Info.plist; sourceTree = "<group>"; };
		B6248FDB13CC273000D9EADC /* ioapi.c */ = {isa = PBXFileReference; fileEncoding = 4; lastKnownFileType = sourcecode.c.c; path = ioapi.c; sourceTree = "<group>"; };
		B6248FDC13CC273000D9EADC /* ioapi.h */ = {isa = PBXFileReference; fileEncoding = 4; lastKnownFileType = sourcecode.c.h; path = ioapi.h; sourceTree = "<group>"; };
		B6248FDF13CC273000D9EADC /* unzip.c */ = {isa = PBXFileReference; fileEncoding = 4; lastKnownFileType = sourcecode.c.c; path = unzip.c; sourceTree = "<group>"; };
		B6248FE013CC273000D9EADC /* unzip.h */ = {isa = PBXFileReference; fileEncoding = 4; lastKnownFileType = sourcecode.c.h; path = unzip.h; sourceTree = "<group>"; };
		B624901113CC283400D9EADC /* GNJUnZip.h */ = {isa = PBXFileReference; fileEncoding = 4; lastKnownFileType = sourcecode.c.h; path = GNJUnZip.h; sourceTree = "<group>"; };
		B624901213CC283400D9EADC /* GNJUnZip.m */ = {isa = PBXFileReference; fileEncoding = 4; lastKnownFileType = sourcecode.c.objc; path = GNJUnZip.m; sourceTree = "<group>"; };
		B624906513CC2D5700D9EADC /* Cocoa.framework */ = {isa = PBXFileReference; lastKnownFileType = wrapper.framework; name = Cocoa.framework; path = System/Library/Frameworks/Cocoa.framework; sourceTree = SDKROOT; };
		B624906913CC2D6600D9EADC /* libz.dylib */ = {isa = PBXFileReference; lastKnownFileType = "compiled.mach-o.dylib"; name = libz.dylib; path = usr/lib/libz.dylib; sourceTree = SDKROOT; };
		B638B43913D3DD3200917718 /* README.rst */ = {isa = PBXFileReference; fileEncoding = 4; lastKnownFileType = text; path = README.rst; sourceTree = "<group>"; };
		C86B05260671AA6E00DD9006 /* CoreServices.framework */ = {isa = PBXFileReference; lastKnownFileType = wrapper.framework; name = CoreServices.framework; path = /System/Library/Frameworks/CoreServices.framework; sourceTree = "<absolute>"; };
		C88FB7D7067446EC006EBB30 /* schema.xml */ = {isa = PBXFileReference; fileEncoding = 4; lastKnownFileType = text.xml; path = schema.xml; sourceTree = "<group>"; };
		C88FB7DB0674470F006EBB30 /* English */ = {isa = PBXFileReference; fileEncoding = 10; lastKnownFileType = text.plist.strings; name = English; path = English.lproj/schema.strings; sourceTree = "<group>"; };
/* End PBXFileReference section */

/* Begin PBXFrameworksBuildPhase section */
		8D576313048677EA00EA77CD /* Frameworks */ = {
			isa = PBXFrameworksBuildPhase;
			buildActionMask = 2147483647;
			files = (
				8D576314048677EA00EA77CD /* CoreFoundation.framework in Frameworks */,
				C86B05270671AA6E00DD9006 /* CoreServices.framework in Frameworks */,
				B624906613CC2D5700D9EADC /* Cocoa.framework in Frameworks */,
				B624906A13CC2D6600D9EADC /* libz.dylib in Frameworks */,
			);
			runOnlyForDeploymentPostprocessing = 0;
		};
/* End PBXFrameworksBuildPhase section */

/* Begin PBXGroup section */
		089C166AFE841209C02AAC07 /* EPUBSpotlight */ = {
			isa = PBXGroup;
			children = (
				08FB77AFFE84173DC02AAC07 /* Source */,
				089C167CFE841241C02AAC07 /* Resources */,
				089C1671FE841209C02AAC07 /* External Frameworks and Libraries */,
				19C28FB6FE9D52B211CA2CBB /* Products */,
			);
			name = EPUBSpotlight;
			sourceTree = "<group>";
		};
		089C1671FE841209C02AAC07 /* External Frameworks and Libraries */ = {
			isa = PBXGroup;
			children = (
				C86B05260671AA6E00DD9006 /* CoreServices.framework */,
				0AA1909FFE8422F4C02AAC07 /* CoreFoundation.framework */,
				B624906513CC2D5700D9EADC /* Cocoa.framework */,
				B624906913CC2D6600D9EADC /* libz.dylib */,
			);
			name = "External Frameworks and Libraries";
			sourceTree = "<group>";
		};
		089C167CFE841241C02AAC07 /* Resources */ = {
			isa = PBXGroup;
			children = (
				C88FB7E30674480E006EBB30 /* schema.strings */,
				C88FB7D7067446EC006EBB30 /* schema.xml */,
				8D576317048677EA00EA77CD /* Info.plist */,
				8D5B49A704867FD3000E48DA /* InfoPlist.strings */,
				B638B43913D3DD3200917718 /* README.rst */,
			);
			name = Resources;
			sourceTree = "<group>";
		};
		08FB77AFFE84173DC02AAC07 /* Source */ = {
			isa = PBXGroup;
			children = (
				B6248FD913CC273000D9EADC /* minizip */,
				2C05A19B06CAA52B00D84F6F /* GetMetadataForFile.m */,
				08FB77B6FE84183AC02AAC07 /* main.c */,
				B624901113CC283400D9EADC /* GNJUnZip.h */,
				B624901213CC283400D9EADC /* GNJUnZip.m */,
			);
			name = Source;
			sourceTree = "<group>";
		};
		19C28FB6FE9D52B211CA2CBB /* Products */ = {
			isa = PBXGroup;
			children = (
				8D576316048677EA00EA77CD /* EPUBImporter.mdimporter */,
			);
			name = Products;
			sourceTree = "<group>";
		};
		B6248FD913CC273000D9EADC /* minizip */ = {
			isa = PBXGroup;
			children = (
				B6248FDB13CC273000D9EADC /* ioapi.c */,
				B6248FDC13CC273000D9EADC /* ioapi.h */,
				B6248FDF13CC273000D9EADC /* unzip.c */,
				B6248FE013CC273000D9EADC /* unzip.h */,
			);
			path = minizip;
			sourceTree = "<group>";
		};
/* End PBXGroup section */

/* Begin PBXHeadersBuildPhase section */
		8D57630E048677EA00EA77CD /* Headers */ = {
			isa = PBXHeadersBuildPhase;
			buildActionMask = 2147483647;
			files = (
				B6248FE513CC273000D9EADC /* ioapi.h in Headers */,
				B6248FE913CC273000D9EADC /* unzip.h in Headers */,
				B624901313CC283400D9EADC /* GNJUnZip.h in Headers */,
			);
			runOnlyForDeploymentPostprocessing = 0;
		};
/* End PBXHeadersBuildPhase section */

/* Begin PBXNativeTarget section */
		8D57630D048677EA00EA77CD /* EPUBImporter */ = {
			isa = PBXNativeTarget;
			buildConfigurationList = 70138C840896BE9A00968C2F /* Build configuration list for PBXNativeTarget "EPUBImporter" */;
			buildPhases = (
				8D57630E048677EA00EA77CD /* Headers */,
				8D57630F048677EA00EA77CD /* Resources */,
				8D576311048677EA00EA77CD /* Sources */,
				8D576313048677EA00EA77CD /* Frameworks */,
				8D576315048677EA00EA77CD /* Rez */,
			);
			buildRules = (
			);
			dependencies = (
			);
			name = EPUBImporter;
			productInstallPath = /Library/Spotlight;
			productName = EPUBSpotlight;
			productReference = 8D576316048677EA00EA77CD /* EPUBImporter.mdimporter */;
			productType = "com.apple.product-type.bundle";
		};
/* End PBXNativeTarget section */

/* Begin PBXProject section */
		089C1669FE841209C02AAC07 /* Project object */ = {
			isa = PBXProject;
			attributes = {
				LastUpgradeCheck = 0420;
			};
			buildConfigurationList = 70138C880896BE9A00968C2F /* Build configuration list for PBXProject "EPUBImporter" */;
			compatibilityVersion = "Xcode 3.2";
			developmentRegion = English;
			hasScannedForEncodings = 1;
			knownRegions = (
				English,
				Japanese,
				French,
				German,
			);
			mainGroup = 089C166AFE841209C02AAC07 /* EPUBSpotlight */;
			projectDirPath = "";
			projectRoot = "";
			targets = (
				8D57630D048677EA00EA77CD /* EPUBImporter */,
			);
		};
/* End PBXProject section */

/* Begin PBXResourcesBuildPhase section */
		8D57630F048677EA00EA77CD /* Resources */ = {
			isa = PBXResourcesBuildPhase;
			buildActionMask = 2147483647;
			files = (
				8D5B49A804867FD3000E48DA /* InfoPlist.strings in Resources */,
			);
			runOnlyForDeploymentPostprocessing = 0;
		};
/* End PBXResourcesBuildPhase section */

/* Begin PBXRezBuildPhase section */
		8D576315048677EA00EA77CD /* Rez */ = {
			isa = PBXRezBuildPhase;
			buildActionMask = 2147483647;
			files = (
			);
			runOnlyForDeploymentPostprocessing = 0;
		};
/* End PBXRezBuildPhase section */

/* Begin PBXSourcesBuildPhase section */
		8D576311048677EA00EA77CD /* Sources */ = {
			isa = PBXSourcesBuildPhase;
			buildActionMask = 2147483647;
			files = (
				8D576312048677EA00EA77CD /* main.c in Sources */,
				2C05A19C06CAA52B00D84F6F /* GetMetadataForFile.m in Sources */,
				B6248FE413CC273000D9EADC /* ioapi.c in Sources */,
				B6248FE813CC273000D9EADC /* unzip.c in Sources */,
				B624901413CC283400D9EADC /* GNJUnZip.m in Sources */,
			);
			runOnlyForDeploymentPostprocessing = 0;
		};
/* End PBXSourcesBuildPhase section */

/* Begin PBXVariantGroup section */
		8D5B49A704867FD3000E48DA /* InfoPlist.strings */ = {
			isa = PBXVariantGroup;
			children = (
				089C167EFE841241C02AAC07 /* English */,
			);
			name = InfoPlist.strings;
			sourceTree = "<group>";
		};
		C88FB7E30674480E006EBB30 /* schema.strings */ = {
			isa = PBXVariantGroup;
			children = (
				C88FB7DB0674470F006EBB30 /* English */,
			);
			name = schema.strings;
			sourceTree = "<group>";
		};
/* End PBXVariantGroup section */

/* Begin XCBuildConfiguration section */
		70138C850896BE9A00968C2F /* Debug */ = {
			isa = XCBuildConfiguration;
			buildSettings = {
				COPY_PHASE_STRIP = NO;
				GCC_PRECOMPILE_PREFIX_HEADER = NO;
				INFOPLIST_FILE = Info.plist;
				INSTALL_PATH = /Library/Spotlight;
				PRODUCT_NAME = EPUBImporter;
				WRAPPER_EXTENSION = mdimporter;
			};
			name = Debug;
		};
		70138C860896BE9A00968C2F /* Release */ = {
			isa = XCBuildConfiguration;
			buildSettings = {
				GCC_PRECOMPILE_PREFIX_HEADER = NO;
				INFOPLIST_FILE = Info.plist;
				INSTALL_PATH = /Library/Spotlight;
				PRODUCT_NAME = EPUBImporter;
				WRAPPER_EXTENSION = mdimporter;
			};
			name = Release;
		};
		70138C890896BE9A00968C2F /* Debug */ = {
			isa = XCBuildConfiguration;
			buildSettings = {
				ARCHS = "$(ARCHS_STANDARD_32_64_BIT)";
				CURRENT_PROJECT_VERSION = 4;
				GCC_C_LANGUAGE_STANDARD = gnu99;
				GCC_OPTIMIZATION_LEVEL = 0;
				GCC_PREPROCESSOR_DEFINITIONS = USE_FILE32API;
				GCC_WARN_ABOUT_RETURN_TYPE = YES;
				GCC_WARN_UNUSED_VARIABLE = YES;
				MACOSX_DEPLOYMENT_TARGET = 10.6;
				ONLY_ACTIVE_ARCH = YES;
				SDKROOT = macosx;
				VERSIONING_SYSTEM = "apple-generic";
			};
			name = Debug;
		};
		70138C8A0896BE9A00968C2F /* Release */ = {
			isa = XCBuildConfiguration;
			buildSettings = {
				ARCHS = "$(ARCHS_STANDARD_32_64_BIT)";
				CURRENT_PROJECT_VERSION = 4;
				GCC_C_LANGUAGE_STANDARD = gnu99;
				GCC_PREPROCESSOR_DEFINITIONS = USE_FILE32API;
				GCC_WARN_ABOUT_RETURN_TYPE = YES;
				GCC_WARN_UNUSED_VARIABLE = YES;
				MACOSX_DEPLOYMENT_TARGET = 10.6;
				SDKROOT = macosx;
				VERSIONING_SYSTEM = "apple-generic";
			};
			name = Release;
		};
/* End XCBuildConfiguration section */

/* Begin XCConfigurationList section */
		70138C840896BE9A00968C2F /* Build configuration list for PBXNativeTarget "EPUBImporter" */ = {
			isa = XCConfigurationList;
			buildConfigurations = (
				70138C850896BE9A00968C2F /* Debug */,
				70138C860896BE9A00968C2F /* Release */,
			);
			defaultConfigurationIsVisible = 0;
			defaultConfigurationName = Release;
		};
		70138C880896BE9A00968C2F /* Build configuration list for PBXProject "EPUBImporter" */ = {
			isa = XCConfigurationList;
			buildConfigurations = (
				70138C890896BE9A00968C2F /* Debug */,
				70138C8A0896BE9A00968C2F /* Release */,
			);
			defaultConfigurationIsVisible = 0;
			defaultConfigurationName = Release;
		};
/* End XCConfigurationList section */
	};
	rootObject = 089C1669FE841209C02AAC07 /* Project object */;
}
